
Microsoft Visual Studio Solution File, Format Version 12.00
# Visual Studio Version 16
VisualStudioVersion = 16.0.809.8
MinimumVisualStudioVersion = 10.0.40219.1
Project("{FAE04EC0-301F-11D3-BF4B-00C04F79EFBC}") = "UWD.Lib", "UWD.Lib\UWD.Lib.csproj", "{B375C05B-DFBC-4D8D-B169-A59D59677A50}"
EndProject
Project("{FAE04EC0-301F-11D3-BF4B-00C04F79EFBC}") = "UWDiff", "UWDiff\UWDiff.csproj", "{17650494-3ABF-4072-B57A-500360F48A99}"
EndProject
Global
	GlobalSection(SolutionConfigurationPlatforms) = preSolution
		Debug|Any CPU = Debug|Any CPU
		Release|Any CPU = Release|Any CPU
	EndGlobalSection
	GlobalSection(ProjectConfigurationPlatforms) = postSolution
		{B375C05B-DFBC-4D8D-B169-A59D59677A50}.Debug|Any CPU.ActiveCfg = Debug|Any CPU
		{B375C05B-DFBC-4D8D-B169-A59D59677A50}.Debug|Any CPU.Build.0 = Debug|Any CPU
		{B375C05B-DFBC-4D8D-B169-A59D59677A50}.Release|Any CPU.ActiveCfg = Release|Any CPU
		{B375C05B-DFBC-4D8D-B169-A59D59677A50}.Release|Any CPU.Build.0 = Release|Any CPU
		{17650494-3ABF-4072-B57A-500360F48A99}.Debug|Any CPU.ActiveCfg = Debug|Any CPU
		{17650494-3ABF-4072-B57A-500360F48A99}.Debug|Any CPU.Build.0 = Debug|Any CPU
		{17650494-3ABF-4072-B57A-500360F48A99}.Release|Any CPU.ActiveCfg = Release|Any CPU
		{17650494-3ABF-4072-B57A-500360F48A99}.Release|Any CPU.Build.0 = Release|Any CPU
	EndGlobalSection
	GlobalSection(SolutionProperties) = preSolution
		HideSolutionNode = FALSE
	EndGlobalSection
	GlobalSection(ExtensibilityGlobals) = postSolution
		SolutionGuid = {55569890-2A41-4851-A680-C6F0F04CF299}
	EndGlobalSection
EndGlobal
